
Microsoft Visual Studio Solution File, Format Version 12.00
# Visual Studio 2012
Project("{FAE04EC0-301F-11D3-BF4B-00C04F79EFBC}") = "comando", "comando\comando.csproj", "{F21BC24E-31B0-41AD-B990-6CA974A2ACF0}"
EndProject
Global
	GlobalSection(SolutionConfigurationPlatforms) = preSolution
		Debug|Any CPU = Debug|Any CPU
		Release|Any CPU = Release|Any CPU
	EndGlobalSection
	GlobalSection(ProjectConfigurationPlatforms) = postSolution
		{F21BC24E-31B0-41AD-B990-6CA974A2ACF0}.Debug|Any CPU.ActiveCfg = Debug|Any CPU
		{F21BC24E-31B0-41AD-B990-6CA974A2ACF0}.Debug|Any CPU.Build.0 = Debug|Any CPU
		{F21BC24E-31B0-41AD-B990-6CA974A2ACF0}.Release|Any CPU.ActiveCfg = Release|Any CPU
		{F21BC24E-31B0-41AD-B990-6CA974A2ACF0}.Release|Any CPU.Build.0 = Release|Any CPU
	EndGlobalSection
	GlobalSection(SolutionProperties) = preSolution
		HideSolutionNode = FALSE
	EndGlobalSection
EndGlobal
